{
  "name": "welm-flow",
  "version": "0.1.0",
  "lockfileVersion": 3,
  "requires": true,
  "packages": {
    "": {
      "name": "welm-flow",
      "version": "0.1.0",
      "license": "UNLICENSED",
      "dependencies": {
        "welm-cdp": "file:../welm-cdp"
      },
      "bin": {
        "welm-flow": "cli.js"
      }
    },
    "../welm-cdp": {
      "version": "0.1.0",
      "license": "UNLICENSED",
      "dependencies": {
        "chrome-remote-interface": "^0.34.0"
      },
      "bin": {
        "welm-cdp": "cli.js"
      }
    },
    "node_modules/welm-cdp": {
      "resolved": "../welm-cdp",
      "link": true
    }
  }
}
